
Microsoft Visual Studio Solution File, Format Version 12.00
# Visual Studio 15
VisualStudioVersion = 15.0.28010.2016
MinimumVisualStudioVersion = 10.0.40219.1
Project("{FAE04EC0-301F-11D3-BF4B-00C04F79EFBC}") = "B.Brewster TicTacToe", "B.Brewster TicTacToe\B.Brewster TicTacToe.csproj", "{72AC3FC1-9465-42C8-B888-444A296D30D0}"
EndProject
Global
	GlobalSection(SolutionConfigurationPlatforms) = preSolution
		Debug|Any CPU = Debug|Any CPU
		Release|Any CPU = Release|Any CPU
	EndGlobalSection
	GlobalSection(ProjectConfigurationPlatforms) = postSolution
		{72AC3FC1-9465-42C8-B888-444A296D30D0}.Debug|Any CPU.ActiveCfg = Debug|Any CPU
		{72AC3FC1-9465-42C8-B888-444A296D30D0}.Debug|Any CPU.Build.0 = Debug|Any CPU
		{72AC3FC1-9465-42C8-B888-444A296D30D0}.Release|Any CPU.ActiveCfg = Release|Any CPU
		{72AC3FC1-9465-42C8-B888-444A296D30D0}.Release|Any CPU.Build.0 = Release|Any CPU
	EndGlobalSection
	GlobalSection(SolutionProperties) = preSolution
		HideSolutionNode = FALSE
	EndGlobalSection
	GlobalSection(ExtensibilityGlobals) = postSolution
		SolutionGuid = {741CAAEE-C73E-47B3-82F8-BA38B3E09FA4}
	EndGlobalSection
EndGlobal
