
Microsoft Visual Studio Solution File, Format Version 12.00
# Visual Studio 15
VisualStudioVersion = 15.0.28010.2003
MinimumVisualStudioVersion = 10.0.40219.1
Project("{FAE04EC0-301F-11D3-BF4B-00C04F79EFBC}") = "BBrewster Character saveload", "BBrewster Character saveload\BBrewster Character saveload.csproj", "{52400016-7007-44B3-B966-85F31814F50D}"
EndProject
Global
	GlobalSection(SolutionConfigurationPlatforms) = preSolution
		Debug|Any CPU = Debug|Any CPU
		Release|Any CPU = Release|Any CPU
	EndGlobalSection
	GlobalSection(ProjectConfigurationPlatforms) = postSolution
		{52400016-7007-44B3-B966-85F31814F50D}.Debug|Any CPU.ActiveCfg = Debug|Any CPU
		{52400016-7007-44B3-B966-85F31814F50D}.Debug|Any CPU.Build.0 = Debug|Any CPU
		{52400016-7007-44B3-B966-85F31814F50D}.Release|Any CPU.ActiveCfg = Release|Any CPU
		{52400016-7007-44B3-B966-85F31814F50D}.Release|Any CPU.Build.0 = Release|Any CPU
	EndGlobalSection
	GlobalSection(SolutionProperties) = preSolution
		HideSolutionNode = FALSE
	EndGlobalSection
	GlobalSection(ExtensibilityGlobals) = postSolution
		SolutionGuid = {8D8D4063-B04F-4E90-BBA3-B094BBC2C4E1}
	EndGlobalSection
EndGlobal
