
Microsoft Visual Studio Solution File, Format Version 12.00
# Visual Studio 15
VisualStudioVersion = 15.0.28010.2003
MinimumVisualStudioVersion = 10.0.40219.1
Project("{FAE04EC0-301F-11D3-BF4B-00C04F79EFBC}") = "[Stack] Deck of Cards", "[Stack] Deck of Cards\[Stack] Deck of Cards.csproj", "{8FE69EA3-84AD-4C33-A130-6EFB426F861E}"
EndProject
Global
	GlobalSection(SolutionConfigurationPlatforms) = preSolution
		Debug|Any CPU = Debug|Any CPU
		Release|Any CPU = Release|Any CPU
	EndGlobalSection
	GlobalSection(ProjectConfigurationPlatforms) = postSolution
		{8FE69EA3-84AD-4C33-A130-6EFB426F861E}.Debug|Any CPU.ActiveCfg = Debug|Any CPU
		{8FE69EA3-84AD-4C33-A130-6EFB426F861E}.Debug|Any CPU.Build.0 = Debug|Any CPU
		{8FE69EA3-84AD-4C33-A130-6EFB426F861E}.Release|Any CPU.ActiveCfg = Release|Any CPU
		{8FE69EA3-84AD-4C33-A130-6EFB426F861E}.Release|Any CPU.Build.0 = Release|Any CPU
	EndGlobalSection
	GlobalSection(SolutionProperties) = preSolution
		HideSolutionNode = FALSE
	EndGlobalSection
	GlobalSection(ExtensibilityGlobals) = postSolution
		SolutionGuid = {11BB15BF-7B8E-4CEA-90B5-2CCC7C36253C}
	EndGlobalSection
EndGlobal
