
Microsoft Visual Studio Solution File, Format Version 12.00
# Visual Studio 15
VisualStudioVersion = 15.0.28010.2016
MinimumVisualStudioVersion = 10.0.40219.1
Project("{9A19103F-16F7-4668-BE54-9A1E7A4F7556}") = "Caesar Cispher", "Caesar Cispher.csproj", "{2D27B807-E71F-4FDC-A954-A6B896A17940}"
EndProject
Global
	GlobalSection(SolutionConfigurationPlatforms) = preSolution
		Debug|Any CPU = Debug|Any CPU
		Release|Any CPU = Release|Any CPU
	EndGlobalSection
	GlobalSection(ProjectConfigurationPlatforms) = postSolution
		{2D27B807-E71F-4FDC-A954-A6B896A17940}.Debug|Any CPU.ActiveCfg = Debug|Any CPU
		{2D27B807-E71F-4FDC-A954-A6B896A17940}.Debug|Any CPU.Build.0 = Debug|Any CPU
		{2D27B807-E71F-4FDC-A954-A6B896A17940}.Release|Any CPU.ActiveCfg = Release|Any CPU
		{2D27B807-E71F-4FDC-A954-A6B896A17940}.Release|Any CPU.Build.0 = Release|Any CPU
	EndGlobalSection
	GlobalSection(SolutionProperties) = preSolution
		HideSolutionNode = FALSE
	EndGlobalSection
	GlobalSection(ExtensibilityGlobals) = postSolution
		SolutionGuid = {9F523DE5-90E9-484B-A531-1E72951DBDBF}
	EndGlobalSection
EndGlobal
