
Microsoft Visual Studio Solution File, Format Version 12.00
# Visual Studio 15
VisualStudioVersion = 15.0.28010.2003
MinimumVisualStudioVersion = 10.0.40219.1
Project("{FAE04EC0-301F-11D3-BF4B-00C04F79EFBC}") = "Algorithm Practice", "Algorithm Practice\Algorithm Practice.csproj", "{A3B9C469-7813-46A1-98E7-96E99D2958C1}"
EndProject
Global
	GlobalSection(SolutionConfigurationPlatforms) = preSolution
		Debug|Any CPU = Debug|Any CPU
		Release|Any CPU = Release|Any CPU
	EndGlobalSection
	GlobalSection(ProjectConfigurationPlatforms) = postSolution
		{A3B9C469-7813-46A1-98E7-96E99D2958C1}.Debug|Any CPU.ActiveCfg = Debug|Any CPU
		{A3B9C469-7813-46A1-98E7-96E99D2958C1}.Debug|Any CPU.Build.0 = Debug|Any CPU
		{A3B9C469-7813-46A1-98E7-96E99D2958C1}.Release|Any CPU.ActiveCfg = Release|Any CPU
		{A3B9C469-7813-46A1-98E7-96E99D2958C1}.Release|Any CPU.Build.0 = Release|Any CPU
	EndGlobalSection
	GlobalSection(SolutionProperties) = preSolution
		HideSolutionNode = FALSE
	EndGlobalSection
	GlobalSection(ExtensibilityGlobals) = postSolution
		SolutionGuid = {481A75B0-AFF1-4AF5-8EA2-076BD6BF69D3}
	EndGlobalSection
EndGlobal
